
Microsoft Visual Studio Solution File, Format Version 12.00
# Visual Studio Version 17
VisualStudioVersion = 17.4.33213.308
MinimumVisualStudioVersion = 10.0.40219.1
Project("{FAE04EC0-301F-11D3-BF4B-00C04F79EFBC}") = "COINEXEN", "COINEXEN\COINEXEN.csproj", "{EFB38153-00C0-4BC5-8BB4-E3025E663056}"
EndProject
Project("{9A19103F-16F7-4668-BE54-9A1E7A4F7556}") = "COINEXEN.Web", "COINEXEN.Web\COINEXEN.Web.csproj", "{517D3DD7-B08E-4BD6-B644-4DAFA950F7FD}"
EndProject
Global
	GlobalSection(SolutionConfigurationPlatforms) = preSolution
		Debug|Any CPU = Debug|Any CPU
		Release|Any CPU = Release|Any CPU
	EndGlobalSection
	GlobalSection(ProjectConfigurationPlatforms) = postSolution
		{EFB38153-00C0-4BC5-8BB4-E3025E663056}.Debug|Any CPU.ActiveCfg = Debug|Any CPU
		{EFB38153-00C0-4BC5-8BB4-E3025E663056}.Debug|Any CPU.Build.0 = Debug|Any CPU
		{EFB38153-00C0-4BC5-8BB4-E3025E663056}.Release|Any CPU.ActiveCfg = Release|Any CPU
		{EFB38153-00C0-4BC5-8BB4-E3025E663056}.Release|Any CPU.Build.0 = Release|Any CPU
		{517D3DD7-B08E-4BD6-B644-4DAFA950F7FD}.Debug|Any CPU.ActiveCfg = Debug|Any CPU
		{517D3DD7-B08E-4BD6-B644-4DAFA950F7FD}.Debug|Any CPU.Build.0 = Debug|Any CPU
		{517D3DD7-B08E-4BD6-B644-4DAFA950F7FD}.Release|Any CPU.ActiveCfg = Release|Any CPU
		{517D3DD7-B08E-4BD6-B644-4DAFA950F7FD}.Release|Any CPU.Build.0 = Release|Any CPU
	EndGlobalSection
	GlobalSection(SolutionProperties) = preSolution
		HideSolutionNode = FALSE
	EndGlobalSection
	GlobalSection(ExtensibilityGlobals) = postSolution
		SolutionGuid = {E7233467-EED8-4FD4-B953-1DB91E517DCF}
	EndGlobalSection
EndGlobal
